# This file is generated by running "yarn install" inside your project.
# Manual changes might be lost - proceed with caution!

__metadata:
  version: 4
  cacheKey: 6

"accepts@npm:~1.3.5":
  version: 1.3.7
  resolution: "accepts@npm:1.3.7"
  dependencies:
    mime-types: ~2.1.24
    negotiator: 0.6.2
  checksum: 2686fa30dbc850db1bf458dc8171fba13c54ed6cb25f4298ec7c2f88b8dfc50351f25c40abe3a948e4ec7a0cc8ea83d1c55c2f73ffa612d18840a8778d4a2ee0
  languageName: node
  linkType: hard

"acorn-globals@npm:^1.0.3":
  version: 1.0.9
  resolution: "acorn-globals@npm:1.0.9"
  dependencies:
    acorn: ^2.1.0
  checksum: d88fb92749cc2aa4c55a849cde3728a151a608063b03b3ea1ad7e7b1d30528986a00667d54ce7e483673ebd80c512ea051ea05fb78c6a8afffa234449419035f
  languageName: node
  linkType: hard

"acorn@npm:^1.0.1":
  version: 1.2.2
  resolution: "acorn@npm:1.2.2"
  bin:
    acorn: ./bin/acorn
  checksum: 4aeb3403ddb3dd11f1d39da16110ff6cf5820e06c2cadb3cb8dd707e4580041200ddcf18cdaba14239181d749f635d77d65dea5545c72d949736a36292cd6877
  languageName: node
  linkType: hard

"acorn@npm:^2.1.0":
  version: 2.7.0
  resolution: "acorn@npm:2.7.0"
  bin:
    acorn: ./bin/acorn
  checksum: 2425ae8b0def000a70feb3f83ab8d2cc6b7c6676c30c303774d3d442f08d8f576ba7f4e08f5a50c4730b3e9b57e70223b932b3035bb1aa4854016d805cb2d9c9
  languageName: node
  linkType: hard

"align-text@npm:^0.1.1, align-text@npm:^0.1.3":
  version: 0.1.4
  resolution: "align-text@npm:0.1.4"
  dependencies:
    kind-of: ^3.0.2
    longest: ^1.0.1
    repeat-string: ^1.5.2
  checksum: 2f4893c0b09f20696934dc46fe6dd31ab0f978272057f429e4256884d1a8cc703d0228298ea6eb27cade8a49d30372024202204527c0538965ca68eb3320782d
  languageName: node
  linkType: hard

"amdefine@npm:>=0.0.4":
  version: 1.0.1
  resolution: "amdefine@npm:1.0.1"
  checksum: 8b163d7cd3224b8648a6f9be045f1e111847d53acb21b3f9fca3b7ef20da63de4b256c6dfc175a340d9a2bb13fcab9f633089e2d4ac230ea9721db038962d256
  languageName: node
  linkType: hard

"array-flatten@npm:1.1.1":
  version: 1.1.1
  resolution: "array-flatten@npm:1.1.1"
  checksum: de7a056451ff7891bb1bcda6ce2a50448ca70f63cd0fa7aa90430d288b6dc2931517b6853ce16c473a7f40fa6eaa874e20b6151616db93375471d1ffadfb1d3d
  languageName: node
  linkType: hard

"asap@npm:~1.0.0":
  version: 1.0.0
  resolution: "asap@npm:1.0.0"
  checksum: a4f5d8298df6cfc0c848393c035111473ca9a4e35df0cc083893a4996e5fa8b877b5cbb3e9c95c9de9079b16c793148ebe9c1813e6cd2b1c4274cd1feb232881
  languageName: node
  linkType: hard

"basic-auth@npm:~2.0.0":
  version: 2.0.1
  resolution: "basic-auth@npm:2.0.1"
  dependencies:
    safe-buffer: 5.1.2
  checksum: 8ba373742caf9ef8e680ff77cf3f38208a6709d54c41a59148784d3c9cdb14167338e10ec6f9e5cc97a5096dd347813432a9afed6d5306d67e2cfdd85530976e
  languageName: node
  linkType: hard

"body-parser@npm:1.18.3":
  version: 1.18.3
  resolution: "body-parser@npm:1.18.3"
  dependencies:
    bytes: 3.0.0
    content-type: ~1.0.4
    debug: 2.6.9
    depd: ~1.1.2
    http-errors: ~1.6.3
    iconv-lite: 0.4.23
    on-finished: ~2.3.0
    qs: 6.5.2
    raw-body: 2.3.3
    type-is: ~1.6.16
  checksum: bf1a01e85cd4c5236d2ad65d316ff350a91cea8b9127ffd4e07b30fc64ca0efe72b3afc9ea7cd522dd93f86deccd5813866eb0493b52042d3499c20c55ddbc55
  languageName: node
  linkType: hard

"bytes@npm:3.0.0":
  version: 3.0.0
  resolution: "bytes@npm:3.0.0"
  checksum: 98d6c0ab36f7a5527226fd928e65495ffd3d53cb22da627eba3300eed36bd283ae3dfdf3a0aa017df13a09115b5b8847e3d51f66c2f0304a262264c86a317c05
  languageName: node
  linkType: hard

"camelcase@npm:^1.0.2":
  version: 1.2.1
  resolution: "camelcase@npm:1.2.1"
  checksum: 9fdfb1b43867ecca5bb1f2ba1d08fcb7f44d8ae8f9446e1506ec45e13b178c9df92cd34baf8d159a5df16a3baa255755e081d39524d7c772632b5829fb709fbd
  languageName: node
  linkType: hard

"center-align@npm:^0.1.1":
  version: 0.1.3
  resolution: "center-align@npm:0.1.3"
  dependencies:
    align-text: ^0.1.3
    lazy-cache: ^1.0.3
  checksum: 8e12bc7d608f3e863972a8dc12a4a0239027770055ab987c1f42b2910b112b8b51ada1a131d8e6fcab2ecaa2b7fff21a32f3343bbb50086ecb00b19acbfb6064
  languageName: node
  linkType: hard

"character-parser@npm:1.2.1":
  version: 1.2.1
  resolution: "character-parser@npm:1.2.1"
  checksum: e5c4c79b3f05673a181c4144ffb0f3fde9fcab4fb62511fb3b05f46e509be1c929c1f945181d666e2266823a48a0eb79833604b68b71ee100196ad00a25176a8
  languageName: node
  linkType: hard

"clean-css@npm:^3.1.9":
  version: 3.4.28
  resolution: "clean-css@npm:3.4.28"
  dependencies:
    commander: 2.8.x
    source-map: 0.4.x
  bin:
    cleancss: ./bin/cleancss
  checksum: c3a7e4c1c08a2dc9e74c072fd7cdd7df6bf4786b35b9d2fcfd52e8656da503af88a2e107a1bb27e9149f4abcb1dbf3d3bb75e906a7abecf7056c81bf64fb6662
  languageName: node
  linkType: hard

"cliui@npm:^2.1.0":
  version: 2.1.0
  resolution: "cliui@npm:2.1.0"
  dependencies:
    center-align: ^0.1.1
    right-align: ^0.1.1
    wordwrap: 0.0.2
  checksum: ea93f1e985c99196f460e8b8bc6fb5363f6088f94fc036e418f02bbc7f54cc39aabd7134c255ceefd487e1f2484d80ed39456ba5a7e110ca68412ca062e8bd0a
  languageName: node
  linkType: hard

"commander@npm:2.8.x":
  version: 2.8.1
  resolution: "commander@npm:2.8.1"
  dependencies:
    graceful-readlink: ">= 1.0.0"
  checksum: aee28c886bcda957c96e94fe5eb6d33066ac9c1c8443995fe3f1933a7c83986c76cd617a88f82872eb4d0a362c71a2416b4770ccb3d3e2f554a5232a2408bc37
  languageName: node
  linkType: hard

"commander@npm:~2.6.0":
  version: 2.6.0
  resolution: "commander@npm:2.6.0"
  checksum: 5b704b53e3d43544194000c3de6aaf7332313e1052f8fd75ce0bbd19738c8b796a0e0ef67d34f90786f6e1a2e157f17f5ee648bebe089a5cdbe2f253419eb6bb
  languageName: node
  linkType: hard

"constantinople@npm:~3.0.1":
  version: 3.0.2
  resolution: "constantinople@npm:3.0.2"
  dependencies:
    acorn: ^2.1.0
  checksum: 3ef6a460826b711a3e55c6fe3e2f2504728a63e584a96dd551a557173a07daad3b5a4ac942c6cb5341ab346ba18edf6d26e3be6fc7757158f50b6a6bf3a76f9a
  languageName: node
  linkType: hard

"content-disposition@npm:0.5.2":
  version: 0.5.2
  resolution: "content-disposition@npm:0.5.2"
  checksum: 5d54ba7c9a6e865d1fea321e43d9e56be091aa20706f4632a236ebe7824ed3cb0eac314b80e76a9db2092d287d69add03efcaf743068ee0be1f71159c14a134c
  languageName: node
  linkType: hard

"content-type@npm:~1.0.4":
  version: 1.0.4
  resolution: "content-type@npm:1.0.4"
  checksum: ff6e19cbf281c23d5608723a6dc60ac97e2280bd4d21602511283112321e6c1555895e395555e367672b54a0f1585276284b7c3c8be313aca73902ac2f2609fd
  languageName: node
  linkType: hard

"cookie-parser@npm:~1.4.4":
  version: 1.4.5
  resolution: "cookie-parser@npm:1.4.5"
  dependencies:
    cookie: 0.4.0
    cookie-signature: 1.0.6
  checksum: a3eeda832d81862477e40444a8d411595b91e15f9b1d2b397a173e9efa744a29129de9aaa99342cf9468641d854a464c4e215cd60d1df49374c9ccffa1af52bf
  languageName: node
  linkType: hard

"cookie-signature@npm:1.0.6":
  version: 1.0.6
  resolution: "cookie-signature@npm:1.0.6"
  checksum: 305054e102eebd0a483c63aefdc3abf54a9471bed5eb12be56c0dcf35a94110b8a13139b27751ab07a5ef09e9f4190ee67f71e9d3acf1748e6e2f1aed338c987
  languageName: node
  linkType: hard

"cookie@npm:0.3.1":
  version: 0.3.1
  resolution: "cookie@npm:0.3.1"
  checksum: 5fb6caf84d4e1f5684abae2a29d019466166a452539ef43562eaba5bf2f5d40a5cf0d0b4e46614fb8e6b408fd0c718885ba6696ce976e2c53d07216152ec7091
  languageName: node
  linkType: hard

"cookie@npm:0.4.0":
  version: 0.4.0
  resolution: "cookie@npm:0.4.0"
  checksum: 7aaef4b642c533600fdd001d963a507dfcd814267503374e51d9743475d024feeff8b0b4ddd0777a25791a2efbdfd8bc4a0fe0696104efa195e8f8584807d410
  languageName: node
  linkType: hard

"css-parse@npm:1.0.4":
  version: 1.0.4
  resolution: "css-parse@npm:1.0.4"
  checksum: bd730ac16fdb342043f67764f04f8f8474637c9633a902b346953fb265f779e73b6de33e7f84fde3bbd1bdbeb80e7581801ca9e81ad4412972fae93b57cd3c2c
  languageName: node
  linkType: hard

"css-stringify@npm:1.0.5":
  version: 1.0.5
  resolution: "css-stringify@npm:1.0.5"
  checksum: 4fd18a4df1de90b0661e53fe10288e26cab4432567d795b3cfcd941449526b9c93ca3f193c051bf39e00e5c74bddf230ef0414a0494fdde2659eb1ef18e2ed31
  languageName: node
  linkType: hard

"css@npm:~1.0.8":
  version: 1.0.8
  resolution: "css@npm:1.0.8"
  dependencies:
    css-parse: 1.0.4
    css-stringify: 1.0.5
  checksum: c75da24fa69623fbab6644982aef8ebcff1d76ad71e79ab0a7224f33ff48d2c95aa2023336c281ce39c9d9d8e4520f2637b0426d6ed93755a040b91b4dc94e82
  languageName: node
  linkType: hard

"debug@npm:2.6.9, debug@npm:~2.6.9":
  version: 2.6.9
  resolution: "debug@npm:2.6.9"
  dependencies:
    ms: 2.0.0
  checksum: 559f44f98cf25e2ee489022aec173afbff746564cb108c4493becb95bc3c017a67bdaa25a0ff64801fd32c35051d00af0e56cc7f762ae2c3bc089496e5a1c31b
  languageName: node
  linkType: hard

"decamelize@npm:^1.0.0":
  version: 1.2.0
  resolution: "decamelize@npm:1.2.0"
  checksum: 8ca9d03ea8ac07920f4504e219d18edff2491bdd0a3e05a1e5ca2e9a0bf6333564231de3528b01d5e76c40a38c37bbc1e09cb5a0424714f53dd615ed78ced464
  languageName: node
  linkType: hard

"depd@npm:~1.1.2":
  version: 1.1.2
  resolution: "depd@npm:1.1.2"
  checksum: f45566ff7019a346852f095768a380778ed544de24e103b479fd5d3e61982d670efbb5234c09d0588d7fdb09c26c48283d7150e4be5e6ce5d3d37cd268d75c4d
  languageName: node
  linkType: hard

"destroy@npm:~1.0.4":
  version: 1.0.4
  resolution: "destroy@npm:1.0.4"
  checksum: 5a516fc5a8a8089eecdac11da2339353542be7a71102dc5a1372ef6161501bf5c1ee59ff9f8a3f5f14cc8c88594d606f855f816d46a228ee5e0e5cb2b543534b
  languageName: node
  linkType: hard

"ee-first@npm:1.1.1":
  version: 1.1.1
  resolution: "ee-first@npm:1.1.1"
  checksum: ba74f91398e3ee3b6d665b2f0d13ad6530e89a7e64ec886a6eec0602fb8a5a274652960e21bd5d4b42fdeb9017d873ff872f50342d38779e955285977edb337c
  languageName: node
  linkType: hard

"encodeurl@npm:~1.0.2":
  version: 1.0.2
  resolution: "encodeurl@npm:1.0.2"
  checksum: 6ee5fcbcd245d2a2b6bd6fe36b80f91e31ab46e29192c50af00e8f860c0c2310ebbdaae40257878fdce90b42abcb3526895c7c3a2e229461ed1f0d0b5a020fc8
  languageName: node
  linkType: hard

"escape-html@npm:~1.0.3":
  version: 1.0.3
  resolution: "escape-html@npm:1.0.3"
  checksum: 900a7f2b80b9f89c85b7a303d1b7a4d354b93e328871414f165f13c5c209a80eab787e3a63429e596877def69fe4dcb3d1b55af655207a901a9ec99f7f148743
  languageName: node
  linkType: hard

"etag@npm:~1.8.1":
  version: 1.8.1
  resolution: "etag@npm:1.8.1"
  checksum: f18341a3c12a554ec46c0d4756bc9cae177e92f25a4ebd9ceefebf0ee448b675972fc110879f22b1bf514174713921ae5de9ff77af2062d422b1085588465a57
  languageName: node
  linkType: hard

"express@npm:~4.16.1":
  version: 4.16.4
  resolution: "express@npm:4.16.4"
  dependencies:
    accepts: ~1.3.5
    array-flatten: 1.1.1
    body-parser: 1.18.3
    content-disposition: 0.5.2
    content-type: ~1.0.4
    cookie: 0.3.1
    cookie-signature: 1.0.6
    debug: 2.6.9
    depd: ~1.1.2
    encodeurl: ~1.0.2
    escape-html: ~1.0.3
    etag: ~1.8.1
    finalhandler: 1.1.1
    fresh: 0.5.2
    merge-descriptors: 1.0.1
    methods: ~1.1.2
    on-finished: ~2.3.0
    parseurl: ~1.3.2
    path-to-regexp: 0.1.7
    proxy-addr: ~2.0.4
    qs: 6.5.2
    range-parser: ~1.2.0
    safe-buffer: 5.1.2
    send: 0.16.2
    serve-static: 1.13.2
    setprototypeof: 1.1.0
    statuses: ~1.4.0
    type-is: ~1.6.16
    utils-merge: 1.0.1
    vary: ~1.1.2
  checksum: eec296104a82f9633178a2f226276bd032fa778cecedc857e79773261d57771b0404adb5c6aa6783005d84c3e46e3037d7c11c056740f9825ee7478aa66b9268
  languageName: node
  linkType: hard

"finalhandler@npm:1.1.1":
  version: 1.1.1
  resolution: "finalhandler@npm:1.1.1"
  dependencies:
    debug: 2.6.9
    encodeurl: ~1.0.2
    escape-html: ~1.0.3
    on-finished: ~2.3.0
    parseurl: ~1.3.2
    statuses: ~1.4.0
    unpipe: ~1.0.0
  checksum: ba02da146edcde663f9f464a1f0302196cba827c084ce9a67835e447eef47752f03c65b0af9113804c1fc78a5763cbf6493d3c476772cc4bdf5c0a3e1917cd88
  languageName: node
  linkType: hard

"forwarded@npm:~0.1.2":
  version: 0.1.2
  resolution: "forwarded@npm:0.1.2"
  checksum: 568d862ad1c514813fc62dc1bd58b8669b16d4ee2e634a6fc71f4849df798883ab94e63d8e1b35a17af51b2b39ca869e672c7310efe42fc7b9bad43a80b5ff87
  languageName: node
  linkType: hard

"fresh@npm:0.5.2":
  version: 0.5.2
  resolution: "fresh@npm:0.5.2"
  checksum: 2f76c8505d1ea5a6d5accea3e7aff0b796bfa43364c84929254f33909fa08640948bd1728220d1ff5f4c2b378a65e97da647f2fe0f2b7ddb44001f6e0dc2e91f
  languageName: node
  linkType: hard

"graceful-readlink@npm:>= 1.0.0":
  version: 1.0.1
  resolution: "graceful-readlink@npm:1.0.1"
  checksum: a0675771561e8f8401ce4f8feddcc5bc3fc7370d7cc95c9dab3fff8e4bb6f69316072267075e2e54ecaeb2ba72019cf9bd334732cdb1582b5a0642dd33b5b0e0
  languageName: node
  linkType: hard

"http-errors@npm:1.6.3, http-errors@npm:~1.6.2, http-errors@npm:~1.6.3":
  version: 1.6.3
  resolution: "http-errors@npm:1.6.3"
  dependencies:
    depd: ~1.1.2
    inherits: 2.0.3
    setprototypeof: 1.1.0
    statuses: ">= 1.4.0 < 2"
  checksum: 850a3bf69ffc56c5151cea4a31bdf47412b7a6af3ee3f4fc92d3c4d90f8398d8843806f0d81916b310b661eed93722272cf2d41c2cac2fd5d1d1c66d4077942c
  languageName: node
  linkType: hard

"iconv-lite@npm:0.4.23":
  version: 0.4.23
  resolution: "iconv-lite@npm:0.4.23"
  dependencies:
    safer-buffer: ">= 2.1.2 < 3"
  checksum: 8000b43fcfbc38c15cc91e19e3b2b1c388618dacddfd6096b3a87f70242da33368ef8a985405d671bc3fe1bfe5c2056326c891445a2d4587bb340fdeb4f460a0
  languageName: node
  linkType: hard

"inherits@npm:2.0.3":
  version: 2.0.3
  resolution: "inherits@npm:2.0.3"
  checksum: 9488f9433effbc24474f6baee8014e5337c7f99305ecb4204fa5864ae7655c24225780d87fc65ed8d3d374715a18c5dc8c69fe3bf9745cde2e7acd0ac068a07b
  languageName: node
  linkType: hard

"ipaddr.js@npm:1.9.1":
  version: 1.9.1
  resolution: "ipaddr.js@npm:1.9.1"
  checksum: de15bc7e63973d960abc43c9fbbf19589c726774f59d157d1b29382a1e86ae87c68cbd8b5c78a1712a87fc4fcd91e10762c7671950c66a1a19040ff4fd2f9c9b
  languageName: node
  linkType: hard

"is-buffer@npm:^1.1.5":
  version: 1.1.6
  resolution: "is-buffer@npm:1.1.6"
  checksum: 336ec78f00e88efe6ff6f1aa08d06aadb942a6cd320e5f538ac00648378fb964743b3737c88ce7ce8741c067e4a3b78f596b83ee1a3c72dc2885ea0b03dc84f2
  languageName: node
  linkType: hard

"is-promise@npm:^2.0.0":
  version: 2.2.2
  resolution: "is-promise@npm:2.2.2"
  checksum: 6fe84293b8750d3604a909979a7517a38b1618817f1fbbfdaf4d6138642117c85fbee12927b4d51349a5bcd9bdf8d1bf181f09145ede2d7eb41f4b394ab2ce7d
  languageName: node
  linkType: hard

"is-promise@npm:~1":
  version: 1.0.1
  resolution: "is-promise@npm:1.0.1"
  checksum: 93ac52d8ac032d67a5015cd24beaa290c1b72c8b051a556e0674557c4a1e2c0b06a6b4671862773a947bad1533047c1d2189955c4d92d9d0e2c519ee36308a15
  languageName: node
  linkType: hard

"jade@npm:~1.11.0":
  version: 1.11.0
  resolution: "jade@npm:1.11.0"
  dependencies:
    character-parser: 1.2.1
    clean-css: ^3.1.9
    commander: ~2.6.0
    constantinople: ~3.0.1
    jstransformer: 0.0.2
    mkdirp: ~0.5.0
    transformers: 2.1.0
    uglify-js: ^2.4.19
    void-elements: ~2.0.1
    with: ~4.0.0
  bin:
    jade: ./bin/jade.js
  checksum: 5296fe4ff02e1c1bbc91643b77991181677680f265fb72bfd4118f8e95b4f8122e050b09e1ad50e7b04e82657d6ed846027c09b6750718226a8095f65ae39a7e
  languageName: node
  linkType: hard

"jstransformer@npm:0.0.2":
  version: 0.0.2
  resolution: "jstransformer@npm:0.0.2"
  dependencies:
    is-promise: ^2.0.0
    promise: ^6.0.1
  checksum: d2cf87bc072c7250f6eab3116ae3181cee0c48862d3153703a8be6d3199b2d07810ba327b63776a7e7c6da08551a8eca02f46197d770a299eb59e1475cb2f01f
  languageName: node
  linkType: hard

"kind-of@npm:^3.0.2":
  version: 3.2.2
  resolution: "kind-of@npm:3.2.2"
  dependencies:
    is-buffer: ^1.1.5
  checksum: e8a1835c4baa9b52666cd5d8ae89e6b9b9f5978600a30ba75fc92da332d1ba182bda90aa7372fc992a3eb6da261dc3fea0f136af24ddc87cfb668d40c817af56
  languageName: node
  linkType: hard

"lazy-cache@npm:^1.0.3":
  version: 1.0.4
  resolution: "lazy-cache@npm:1.0.4"
  checksum: c033cdd7acd8da6a992ec84915f0443abda7669d04567e140cf1e1568434419422c13a931be0ea24e79e4ef32a255cac7932dbfd9cd20153c4d53f793acd4344
  languageName: node
  linkType: hard

"longest@npm:^1.0.1":
  version: 1.0.1
  resolution: "longest@npm:1.0.1"
  checksum: 5cd9311bd2f782ec45345ca3aefa206e47dc4f3856fcae3fae9062ce505ebaa98e3a4de6e38a778a9e969552d99f3a66da3d87dd831057cfc343b1f225087f52
  languageName: node
  linkType: hard

"media-typer@npm:0.3.0":
  version: 0.3.0
  resolution: "media-typer@npm:0.3.0"
  checksum: be1c825782df7f38eebd451d778f6407bb15a59c8807a69e7f2ad74a25440e474536441c6bf583fdf2803ea23b866e91ff68f565cda297211dd89147758c8df3
  languageName: node
  linkType: hard

"merge-descriptors@npm:1.0.1":
  version: 1.0.1
  resolution: "merge-descriptors@npm:1.0.1"
  checksum: 2d2a09eaac840a7ceac7a13b44b7c8abf3ecccd93a609c3525d8290cb5d814336cc7c0b1dd485ae3bc471ed354eeefb153475ce2e1604ccdf79eebe74021c192
  languageName: node
  linkType: hard

"methods@npm:~1.1.2":
  version: 1.1.2
  resolution: "methods@npm:1.1.2"
  checksum: 450e4ea0fd4a0f3de8c0593d753c7d6c8f2ee49766f5ef35c68cc2ac41699d5e295b7d6330fc2b7271b8569a07857e3eb0b5df0599a353c5808265b4b5066168
  languageName: node
  linkType: hard

"mime-db@npm:1.44.0":
  version: 1.44.0
  resolution: "mime-db@npm:1.44.0"
  checksum: b4e3b2141418572fba9786f7e36324faef15e23032ad0871f56760cb304ee721ba4c8cc795d3c1cac69a2a8b94045c1d6b08c4a8d1ef6ba1226a3a5193915c57
  languageName: node
  linkType: hard

"mime-types@npm:~2.1.24":
  version: 2.1.27
  resolution: "mime-types@npm:2.1.27"
  dependencies:
    mime-db: 1.44.0
  checksum: 51fe2f2c08c10ac7a2f67e2ce5de30f6500faa88d095418a1ab6e90e30960db7c682a8ecce60d3d4e293ac52c4700ca99399833db998ea9ec83d6f0503b70a94
  languageName: node
  linkType: hard

"mime@npm:1.4.1":
  version: 1.4.1
  resolution: "mime@npm:1.4.1"
  bin:
    mime: cli.js
  checksum: 01f74d90a2d91c919436958c4af940d145e00a3b7c57f98cc65f1a70dbecd02fb41c6b74ac5433ae9fe787f1841aaaed412bce259a848b5fc76fc66c0c2a6381
  languageName: node
  linkType: hard

"minimist@npm:^1.2.5":
  version: 1.2.5
  resolution: "minimist@npm:1.2.5"
  checksum: b77b8590147a4e217ff34266236bc39de23b52e6e33054076991ff674c7397a1380a7bde11111916f16f003a94aaa7e4f3d92595a32189644ff607fabc65a5b6
  languageName: node
  linkType: hard

"mkdirp@npm:~0.5.0":
  version: 0.5.5
  resolution: "mkdirp@npm:0.5.5"
  dependencies:
    minimist: ^1.2.5
  bin:
    mkdirp: bin/cmd.js
  checksum: 9dd9792e891927b14ca02226dbe1daeb717b9517a001620d5e2658bbc72c5e4f06887b6cbcbb60595fa5a56e701073cf250f1ed69c1988a6b89faf9fd6a4d049
  languageName: node
  linkType: hard

"morgan@npm:~1.9.1":
  version: 1.9.1
  resolution: "morgan@npm:1.9.1"
  dependencies:
    basic-auth: ~2.0.0
    debug: 2.6.9
    depd: ~1.1.2
    on-finished: ~2.3.0
    on-headers: ~1.0.1
  checksum: 3ffe266d6a491361da904b8714aad549cdc2a17b481a1eb76a132037ec41a39070395727a28ba0e6d09707feb16db1d81134e92f0b7ca1c86cc3e3472aad5bf5
  languageName: node
  linkType: hard

"ms@npm:2.0.0":
  version: 2.0.0
  resolution: "ms@npm:2.0.0"
  checksum: 1a230340cc7f322fbe916783d8c8d60455407c6b7fb7f901d6ee34eb272402302c5c7f070a97b8531245cbb4ca6a0a623f6a128d7e5a5440cefa2c669c0b35bb
  languageName: node
  linkType: hard

"negotiator@npm:0.6.2":
  version: 0.6.2
  resolution: "negotiator@npm:0.6.2"
  checksum: 4b230bd15f0862d16c54ce0243fcfcf835ad59c8e58c467b4504dd28c9868cff71ff485b02cc575dc69dca819b58a1fadc9fb28403f45721f38a8fffde007d54
  languageName: node
  linkType: hard

"on-finished@npm:~2.3.0":
  version: 2.3.0
  resolution: "on-finished@npm:2.3.0"
  dependencies:
    ee-first: 1.1.1
  checksum: 362e64608287d31ffd96a15fb9305a410b3e4d07c86f277fae907e38af46bc6f5ff948de90eabb81dc5632ca7f9a290085acc5410c378053dfa9860451d97ee5
  languageName: node
  linkType: hard

"on-headers@npm:~1.0.1":
  version: 1.0.2
  resolution: "on-headers@npm:1.0.2"
  checksum: 51e75c80755169e765aa76238722e5ad1623f62b13bbc23544ade20cdbb6950cf0e6aa91de35d02ec956f47dc072ee460d8eef82354e4abf8fa692885cb3f2d8
  languageName: node
  linkType: hard

"optimist@npm:~0.3.5":
  version: 0.3.7
  resolution: "optimist@npm:0.3.7"
  dependencies:
    wordwrap: ~0.0.2
  checksum: 6a2fb24e0eda97593c29f4bbb0ade1e7a3682ff7747bac61120c67eb2fa519328c331d188628d81027195ebde9a9a460542d2ae360422bc543568b381fcdd34c
  languageName: node
  linkType: hard

"parseurl@npm:~1.3.2":
  version: 1.3.3
  resolution: "parseurl@npm:1.3.3"
  checksum: 52c9e86cb58e38b28f1a50a6354d16648974ab7a2b91b209f97102840471de8adf524427774af6d5bc482fb7c0a6af6ba08ab37de9a1a7ae389ebe074015914b
  languageName: node
  linkType: hard

"path-to-regexp@npm:0.1.7":
  version: 0.1.7
  resolution: "path-to-regexp@npm:0.1.7"
  checksum: 342fdb0ca48415d6eccdbe6d4180fd0fa4786ccc96ab3f74fcdf7acfc99e075af25e6077c8086c341dcfb4f5f84401ecd21e6cd7b24e0c3b556fb7ffb2570da7
  languageName: node
  linkType: hard

"promise@npm:^6.0.1":
  version: 6.1.0
  resolution: "promise@npm:6.1.0"
  dependencies:
    asap: ~1.0.0
  checksum: 7b8c9d6a9a6ddd7fe685b12e6e2255dce630b39879b094e02d858c30edb81aa21b522211eb9e429b9604f1d8ff673db49c81760922f7f7993a5bf1ab088b3b3e
  languageName: node
  linkType: hard

"promise@npm:~2.0":
  version: 2.0.0
  resolution: "promise@npm:2.0.0"
  dependencies:
    is-promise: ~1
  checksum: 3053e3d66e08f76a7518bc91d2fde0ba916d8de1c3666a31f9d7d55ef012ae3d568db54d426394386c449b7bb330829f5e6b32e36891431b253f636463643f76
  languageName: node
  linkType: hard

"proxy-addr@npm:~2.0.4":
  version: 2.0.6
  resolution: "proxy-addr@npm:2.0.6"
  dependencies:
    forwarded: ~0.1.2
    ipaddr.js: 1.9.1
  checksum: a7dcfd70258cdc3b73c5dc4a35c73db9857f3bf4cf5e6404380e8ea558f8c5569147e721a01195d00b450e36b4dde727fc9d22fdea14310ba38faa595530cd58
  languageName: node
  linkType: hard

"qs@npm:6.5.2":
  version: 6.5.2
  resolution: "qs@npm:6.5.2"
  checksum: fa0410eff2c05ce3328e11f82db4015e7819c986ee056d6b62b06ae112f4929af09ea3b879ca168ff9f0338f50972bba487ad0e46c879e42bfaf63c3c2ea7f09
  languageName: node
  linkType: hard

"range-parser@npm:~1.2.0":
  version: 1.2.1
  resolution: "range-parser@npm:1.2.1"
  checksum: 05074f5b23dbdc24acdae9821dd684fbc9c0d770cdaa4469ab529d8e0fc1338aa33561a4c7c14a1f9bdcb3b5e9a3770e5a80318258a72289a7ef05fcda72a707
  languageName: node
  linkType: hard

"raw-body@npm:2.3.3":
  version: 2.3.3
  resolution: "raw-body@npm:2.3.3"
  dependencies:
    bytes: 3.0.0
    http-errors: 1.6.3
    iconv-lite: 0.4.23
    unpipe: 1.0.0
  checksum: 86e367e928426aa0cbbeb967e02414e18530c1bf52093d2f4e4b56e53a569193e03bc4d2d5d2fc8383b08893e01336b9e9c067a2052de73d9367fe2543cbaa26
  languageName: node
  linkType: hard

"repeat-string@npm:^1.5.2":
  version: 1.6.1
  resolution: "repeat-string@npm:1.6.1"
  checksum: 99c431ba7bef7a5d39819d562ebca89206368b45f73213677a3b562e25b5dd272d9e6a2ca8105001df14b6fc8cc71f0b10258c86e16cf8a256318fac1ddc8a77
  languageName: node
  linkType: hard

"rescript-example-app@workspace:.":
  version: 0.0.0-use.local
  resolution: "rescript-example-app@workspace:."
  dependencies:
    cookie-parser: ~1.4.4
    debug: ~2.6.9
    express: ~4.16.1
    http-errors: ~1.6.3
    jade: ~1.11.0
    morgan: ~1.9.1
  languageName: unknown
  linkType: soft

"right-align@npm:^0.1.1":
  version: 0.1.3
  resolution: "right-align@npm:0.1.3"
  dependencies:
    align-text: ^0.1.1
  checksum: d4554e561a3890e764fd4a81624db5d4fd085c7ff0a92dea3efb658b133f13e855b2319e01a6f7aaec45287712f211d5657a4a850c11e4e10d353d571bdcd1bc
  languageName: node
  linkType: hard

"safe-buffer@npm:5.1.2":
  version: 5.1.2
  resolution: "safe-buffer@npm:5.1.2"
  checksum: 2708587c1b5e70a5e420714ceb59f30f5791c6e831d39812125a008eca63a4ac18578abd020a0776ea497ff03b4543f2b2a223a7b9073bf2d6c7af9ec6829218
  languageName: node
  linkType: hard

"safer-buffer@npm:>= 2.1.2 < 3":
  version: 2.1.2
  resolution: "safer-buffer@npm:2.1.2"
  checksum: 549ba83f5b314b59898efe3422120ce1ca7987a6eae5925a5fa5db930dc414d4a9dde0a5594f89638cd6ea60b6840ea961872908933ac2428d1726489db46fa5
  languageName: node
  linkType: hard

"send@npm:0.16.2":
  version: 0.16.2
  resolution: "send@npm:0.16.2"
  dependencies:
    debug: 2.6.9
    depd: ~1.1.2
    destroy: ~1.0.4
    encodeurl: ~1.0.2
    escape-html: ~1.0.3
    etag: ~1.8.1
    fresh: 0.5.2
    http-errors: ~1.6.2
    mime: 1.4.1
    ms: 2.0.0
    on-finished: ~2.3.0
    range-parser: ~1.2.0
    statuses: ~1.4.0
  checksum: 0b3b98fd0d933687bafb45552bb9798aa030475c1c7e8a0da1cc97fd92b2dff7b728b41721405335b23d86d31c73300716d3c803075e3e92117f16e9eca84824
  languageName: node
  linkType: hard

"serve-static@npm:1.13.2":
  version: 1.13.2
  resolution: "serve-static@npm:1.13.2"
  dependencies:
    encodeurl: ~1.0.2
    escape-html: ~1.0.3
    parseurl: ~1.3.2
    send: 0.16.2
  checksum: ed2fe928fecd9ca86f1fc01066278a4e0574b1a4fff81f212f0b73aaad15e1dc8b68c7dfca9937edbdedc55bdfb21cec6c20cd8bead27524025105e4fd51a2c6
  languageName: node
  linkType: hard

"setprototypeof@npm:1.1.0":
  version: 1.1.0
  resolution: "setprototypeof@npm:1.1.0"
  checksum: 8a3fb2ff4bf7daf0f8fb0e52d87d6e3dc387599e1c7a42833fddc1d711e87f7f187a6f957137a435ae154a98877e4357569f1fb48f3d17e96242621cd469e1f6
  languageName: node
  linkType: hard

"source-map@npm:0.4.x":
  version: 0.4.4
  resolution: "source-map@npm:0.4.4"
  dependencies:
    amdefine: ">=0.0.4"
  checksum: 8602363865290e334111cafb2335ccd8faef321b5998f88e6a64278dd0bd27a2b1e614622e706bc943635eb5402cf155078ff2c684b78f28377bc8b47f47bf9c
  languageName: node
  linkType: hard

"source-map@npm:~0.1.7":
  version: 0.1.43
  resolution: "source-map@npm:0.1.43"
  dependencies:
    amdefine: ">=0.0.4"
  checksum: f385e50fa20c59809a83589e5ff8727df223cd20473cbdecaf11d1a895349be1f3faafc774e6c9e788c627b6df4495c65151229133e4142cdebedca4841f735f
  languageName: node
  linkType: hard

"source-map@npm:~0.5.1":
  version: 0.5.7
  resolution: "source-map@npm:0.5.7"
  checksum: 737face96577a2184a42f141607fcc2c9db5620cb8517ae8ab3924476defa138fc26b0bab31e98cbd6f19211ecbf78400b59f801ff7a0f87aa9faa79f7433e10
  languageName: node
  linkType: hard

"statuses@npm:>= 1.4.0 < 2":
  version: 1.5.0
  resolution: "statuses@npm:1.5.0"
  checksum: 57735269bf231176a60deb80f6d60214cb4a87663b0937e79497afe9aebe2597f8377fd28893f4d1776205f18dd0b927774a26b72051411ac5108e9e2dfc77d2
  languageName: node
  linkType: hard

"statuses@npm:~1.4.0":
  version: 1.4.0
  resolution: "statuses@npm:1.4.0"
  checksum: f90d393f771ee85a756826d117b37af0057bf0506e00c13139486c1e5275e21e5c043654a0b7f773342eac194a1087c937da1dd199bb461e81a1eff781ad2558
  languageName: node
  linkType: hard

"transformers@npm:2.1.0":
  version: 2.1.0
  resolution: "transformers@npm:2.1.0"
  dependencies:
    css: ~1.0.8
    promise: ~2.0
    uglify-js: ~2.2.5
  checksum: 6cb505d30897f31cb04f9832715c2fedcea39e1bf44c71e1a47841c2fc165c49370677477bd14565376399efc1d5af990f71cefcd5a2c02c09b15cc1c3e61c53
  languageName: node
  linkType: hard

"type-is@npm:~1.6.16":
  version: 1.6.18
  resolution: "type-is@npm:1.6.18"
  dependencies:
    media-typer: 0.3.0
    mime-types: ~2.1.24
  checksum: 20a3514f1d835c979237995129d1f8c564325301e3a8f1c732bcbe1d7fa0ca1f65994e41a79e9030d79f31e5459bb9be5c377848fcb477cb3049a661b3713d74
  languageName: node
  linkType: hard

"uglify-js@npm:^2.4.19":
  version: 2.8.29
  resolution: "uglify-js@npm:2.8.29"
  dependencies:
    source-map: ~0.5.1
    uglify-to-browserify: ~1.0.0
    yargs: ~3.10.0
  dependenciesMeta:
    uglify-to-browserify:
      optional: true
  bin:
    uglifyjs: bin/uglifyjs
  checksum: de5e5af14b788c9a0360fdfad6283b6ad89ecf3bf319924048628c87265252998d6f4bc8ca8bb7f163dd599cfe8262bca5b02396584fc120623a0225484309c6
  languageName: node
  linkType: hard

"uglify-js@npm:~2.2.5":
  version: 2.2.5
  resolution: "uglify-js@npm:2.2.5"
  dependencies:
    optimist: ~0.3.5
    source-map: ~0.1.7
  bin:
    uglifyjs: bin/uglifyjs
  checksum: 905fbd8e3edf2f920162515958358026dca33939d04151ee2fff0c08b40d864097782ab54023b6ab2a44e0be0b83a9c49127b4048a1e81aedb54617519be5338
  languageName: node
  linkType: hard

"uglify-to-browserify@npm:~1.0.0":
  version: 1.0.2
  resolution: "uglify-to-browserify@npm:1.0.2"
  checksum: 3555c8f33929f1a866c412c04a84ebb03d87ed1ec07140a7fe7f678facb3b5e5740d4cb2458b2e094ccea87649e1964c84d014dd47aac6057b7d4986a021cfa7
  languageName: node
  linkType: hard

"unpipe@npm:1.0.0, unpipe@npm:~1.0.0":
  version: 1.0.0
  resolution: "unpipe@npm:1.0.0"
  checksum: ba244e8bf640475b2143af95be5d71353cd4d238d63abf5dfe700c67841f066eb0819fc60dee7f2348ef647a5644a06ba024b9a0ab6d399fc07a05eb72a30ac7
  languageName: node
  linkType: hard

"utils-merge@npm:1.0.1":
  version: 1.0.1
  resolution: "utils-merge@npm:1.0.1"
  checksum: a457956ebc09efbda05da8bf213ab89140bb9dffa3c42b3315dd8fc3c45d67a1b802741f58b7bba4872113201fc275fc86470289d8bd32b74297b5e5b5980705
  languageName: node
  linkType: hard

"vary@npm:~1.1.2":
  version: 1.1.2
  resolution: "vary@npm:1.1.2"
  checksum: 591f059f727ac1ba0d97cb7767f8583a03fcbb07db7be2b7dce838ede520ec0e958a41cb19077054769077fdc49a9b9a2dc391c83426bfee89c054b8cc7404bf
  languageName: node
  linkType: hard

"void-elements@npm:~2.0.1":
  version: 2.0.1
  resolution: "void-elements@npm:2.0.1"
  checksum: 768d7e08534922455d0e87c66426123920f4d26d88e9c3dc430469e4ce1c11920ca8e2aea7794e52916524d55c3c7820efc20d3f5ce6b749036d989adef1cdd9
  languageName: node
  linkType: hard

"window-size@npm:0.1.0":
  version: 0.1.0
  resolution: "window-size@npm:0.1.0"
  checksum: ae6660d855375010680ca814ebbd5a4bdfe82e477901acc5670db84c725c55db9573104f34dad74874e14ee7fedeb0566e828c8c3d8b52c810ac501519293310
  languageName: node
  linkType: hard

"with@npm:~4.0.0":
  version: 4.0.3
  resolution: "with@npm:4.0.3"
  dependencies:
    acorn: ^1.0.1
    acorn-globals: ^1.0.3
  checksum: 2ca9428df4c70624e57deaffbc20c331b2929e1c82ce8b61b66e04b9c93764c5ee9741ea3b6963c6aa8e546dd2b8668caff334cbb5342c934b6c93143bae6f54
  languageName: node
  linkType: hard

"wordwrap@npm:0.0.2":
  version: 0.0.2
  resolution: "wordwrap@npm:0.0.2"
  checksum: ad9635091f047bbda7c0ebe52cedf6c5187c27a68a9e8a156755cc60adc073ef0c87846491dbcbfd4bf3e59b91da232a5ea12a6199078226560a1fcdb2ad4c88
  languageName: node
  linkType: hard

"wordwrap@npm:~0.0.2":
  version: 0.0.3
  resolution: "wordwrap@npm:0.0.3"
  checksum: e8c84baa721bd7bc13a88e52e1bc25dd4d14accedafe04d24fbc400ba74ae6d620ac4eff5425d5cab342d1ff43f74396272492039b7d7a804bffd2039a153ff0
  languageName: node
  linkType: hard

"yargs@npm:~3.10.0":
  version: 3.10.0
  resolution: "yargs@npm:3.10.0"
  dependencies:
    camelcase: ^1.0.2
    cliui: ^2.1.0
    decamelize: ^1.0.0
    window-size: 0.1.0
  checksum: bc127cb21a83f099ca5685d238bc61ab08fd09b327ae0a3987cfa7ddb331582818d789c3b370e483b01a2a9006e5f7abedc5e767783237d051e36874159519b3
  languageName: node
  linkType: hard
